# Generated by pub
# See https://dart.dev/tools/pub/glossary#lockfile
packages:
  ffi:
    dependency: "direct main"
    description:
      name: ffi
      url: "https://pub.flutter-io.cn"
    source: hosted
    version: "1.1.1"
  pedantic:
    dependency: "direct dev"
    description:
      name: pedantic
      url: "https://pub.flutter-io.cn"
    source: hosted
    version: "1.11.0"
  win32:
    dependency: "direct main"
    description:
      name: win32
      url: "https://pub.flutter-io.cn"
    source: hosted
    version: "2.1.1"
sdks:
  dart: ">=2.13.0 <3.0.0"
